
Microsoft Visual Studio Solution File, Format Version 12.00
# Visual Studio Version 17
VisualStudioVersion = 17.7.34202.233
MinimumVisualStudioVersion = 10.0.40219.1
Project("{FAE04EC0-301F-11D3-BF4B-00C04F79EFBC}") = "Herriepot", "Herriepot\Herriepot.csproj", "{4F2F7743-5BC2-4ADF-A17B-16284B8D42FA}"
EndProject
Global
	GlobalSection(SolutionConfigurationPlatforms) = preSolution
		Debug|Any CPU = Debug|Any CPU
		Release|Any CPU = Release|Any CPU
	EndGlobalSection
	GlobalSection(ProjectConfigurationPlatforms) = postSolution
		{4F2F7743-5BC2-4ADF-A17B-16284B8D42FA}.Debug|Any CPU.ActiveCfg = Debug|Any CPU
		{4F2F7743-5BC2-4ADF-A17B-16284B8D42FA}.Debug|Any CPU.Build.0 = Debug|Any CPU
		{4F2F7743-5BC2-4ADF-A17B-16284B8D42FA}.Release|Any CPU.ActiveCfg = Release|Any CPU
		{4F2F7743-5BC2-4ADF-A17B-16284B8D42FA}.Release|Any CPU.Build.0 = Release|Any CPU
	EndGlobalSection
	GlobalSection(SolutionProperties) = preSolution
		HideSolutionNode = FALSE
	EndGlobalSection
	GlobalSection(ExtensibilityGlobals) = postSolution
		SolutionGuid = {FB800E8E-52B1-4FE3-879D-75F55B7EE993}
	EndGlobalSection
EndGlobal
